// !$*UTF8*$!
{
	archiveVersion = 1;
	classes = {
	};
	objectVersion = 50;
	objects = {

/* Begin PBXBuildFile section */
		EDCCEA34263692D800B51E40 /* AppDelegate.swift in Sources */ = {isa = PBXBuildFile; fileRef = EDCCEA33263692D800B51E40 /* AppDelegate.swift */; };
		EDCCEA36263692D800B51E40 /* SceneDelegate.swift in Sources */ = {isa = PBXBuildFile; fileRef = EDCCEA35263692D800B51E40 /* SceneDelegate.swift */; };
		EDCCEA38263692D800B51E40 /* ContentView.swift in Sources */ = {isa = PBXBuildFile; fileRef = EDCCEA37263692D800B51E40 /* ContentView.swift */; };
		EDCCEA3A263692DA00B51E40 /* Assets.xcassets in Resources */ = {isa = PBXBuildFile; fileRef = EDCCEA39263692DA00B51E40 /* Assets.xcassets */; };
		EDCCEA3D263692DA00B51E40 /* Preview Assets.xcassets in Resources */ = {isa = PBXBuildFile; fileRef = EDCCEA3C263692DA00B51E40 /* Preview Assets.xcassets */; };
		EDCCEA40263692DA00B51E40 /* LaunchScreen.storyboard in Resources */ = {isa = PBXBuildFile; fileRef = EDCCEA3E263692DA00B51E40 /* LaunchScreen.storyboard */; };
		EDCCEA4926369F8800B51E40 /* MyButtonStyle.swift in Sources */ = {isa = PBXBuildFile; fileRef = EDCCEA4826369F8800B51E40 /* MyButtonStyle.swift */; };
		EDCCEA4D2636A2DB00B51E40 /* MyRotateButtonStyle.swift in Sources */ = {isa = PBXBuildFile; fileRef = EDCCEA4C2636A2DB00B51E40 /* MyRotateButtonStyle.swift */; };
		EDCCEA502636A3FC00B51E40 /* MySmallerButtonStyle.swift in Sources */ = {isa = PBXBuildFile; fileRef = EDCCEA4F2636A3FC00B51E40 /* MySmallerButtonStyle.swift */; };
		EDCCEA532636A4C400B51E40 /* MyBlurButtonStyle.swift in Sources */ = {isa = PBXBuildFile; fileRef = EDCCEA522636A4C400B51E40 /* MyBlurButtonStyle.swift */; };
/* End PBXBuildFile section */

/* Begin PBXFileReference section */
		EDCCEA30263692D800B51E40 /* SwiftUI_ButtonStyle_tutorial.app */ = {isa = PBXFileReference; explicitFileType = wrapper.application; includeInIndex = 0; path = SwiftUI_ButtonStyle_tutorial.app; sourceTree = BUILT_PRODUCTS_DIR; };
		EDCCEA33263692D800B51E40 /* AppDelegate.swift */ = {isa = PBXFileReference; lastKnownFileType = sourcecode.swift; path = AppDelegate.swift; sourceTree = "<group>"; };
		EDCCEA35263692D800B51E40 /* SceneDelegate.swift */ = {isa = PBXFileReference; lastKnownFileType = sourcecode.swift; path = SceneDelegate.swift; sourceTree = "<group>"; };
		EDCCEA37263692D800B51E40 /* ContentView.swift */ = {isa = PBXFileReference; lastKnownFileType = sourcecode.swift; path = ContentView.swift; sourceTree = "<group>"; };
		EDCCEA39263692DA00B51E40 /* Assets.xcassets */ = {isa = PBXFileReference; lastKnownFileType = folder.assetcatalog; path = Assets.xcassets; sourceTree = "<group>"; };
		EDCCEA3C263692DA00B51E40 /* Preview Assets.xcassets */ = {isa = PBXFileReference; lastKnownFileType = folder.assetcatalog; path = "Preview Assets.xcassets"; sourceTree = "<group>"; };
		EDCCEA3F263692DA00B51E40 /* Base */ = {isa = PBXFileReference; lastKnownFileType = file.storyboard; name = Base; path = Base.lproj/LaunchScreen.storyboard; sourceTree = "<group>"; };
		EDCCEA41263692DA00B51E40 /* Info.plist */ = {isa = PBXFileReference; lastKnownFileType = text.plist.xml; path = Info.plist; sourceTree = "<group>"; };
		EDCCEA4826369F8800B51E40 /* MyButtonStyle.swift */ = {isa = PBXFileReference; lastKnownFileType = sourcecode.swift; path = MyButtonStyle.swift; sourceTree = "<group>"; };
		EDCCEA4C2636A2DB00B51E40 /* MyRotateButtonStyle.swift */ = {isa = PBXFileReference; lastKnownFileType = sourcecode.swift; path = MyRotateButtonStyle.swift; sourceTree = "<group>"; };
		EDCCEA4F2636A3FC00B51E40 /* MySmallerButtonStyle.swift */ = {isa = PBXFileReference; lastKnownFileType = sourcecode.swift; path = MySmallerButtonStyle.swift; sourceTree = "<group>"; };
		EDCCEA522636A4C400B51E40 /* MyBlurButtonStyle.swift */ = {isa = PBXFileReference; lastKnownFileType = sourcecode.swift; path = MyBlurButtonStyle.swift; sourceTree = "<group>"; };
/* End PBXFileReference section */

/* Begin PBXFrameworksBuildPhase section */
		EDCCEA2D263692D800B51E40 /* Frameworks */ = {
			isa = PBXFrameworksBuildPhase;
			buildActionMask = 2147483647;
			files = (
			);
			runOnlyForDeploymentPostprocessing = 0;
		};
/* End PBXFrameworksBuildPhase section */

/* Begin PBXGroup section */
		EDCCEA27263692D800B51E40 = {
			isa = PBXGroup;
			children = (
				EDCCEA32263692D800B51E40 /* SwiftUI_ButtonStyle_tutorial */,
				EDCCEA31263692D800B51E40 /* Products */,
			);
			sourceTree = "<group>";
		};
		EDCCEA31263692D800B51E40 /* Products */ = {
			isa = PBXGroup;
			children = (
				EDCCEA30263692D800B51E40 /* SwiftUI_ButtonStyle_tutorial.app */,
			);
			name = Products;
			sourceTree = "<group>";
		};
		EDCCEA32263692D800B51E40 /* SwiftUI_ButtonStyle_tutorial */ = {
			isa = PBXGroup;
			children = (
				EDCCEA33263692D800B51E40 /* AppDelegate.swift */,
				EDCCEA35263692D800B51E40 /* SceneDelegate.swift */,
				EDCCEA37263692D800B51E40 /* ContentView.swift */,
				EDCCEA39263692DA00B51E40 /* Assets.xcassets */,
				EDCCEA3E263692DA00B51E40 /* LaunchScreen.storyboard */,
				EDCCEA41263692DA00B51E40 /* Info.plist */,
				EDCCEA3B263692DA00B51E40 /* Preview Content */,
				EDCCEA4826369F8800B51E40 /* MyButtonStyle.swift */,
				EDCCEA4C2636A2DB00B51E40 /* MyRotateButtonStyle.swift */,
				EDCCEA4F2636A3FC00B51E40 /* MySmallerButtonStyle.swift */,
				EDCCEA522636A4C400B51E40 /* MyBlurButtonStyle.swift */,
			);
			path = SwiftUI_ButtonStyle_tutorial;
			sourceTree = "<group>";
		};
		EDCCEA3B263692DA00B51E40 /* Preview Content */ = {
			isa = PBXGroup;
			children = (
				EDCCEA3C263692DA00B51E40 /* Preview Assets.xcassets */,
			);
			path = "Preview Content";
			sourceTree = "<group>";
		};
/* End PBXGroup section */

/* Begin PBXNativeTarget section */
		EDCCEA2F263692D800B51E40 /* SwiftUI_ButtonStyle_tutorial */ = {
			isa = PBXNativeTarget;
			buildConfigurationList = EDCCEA44263692DA00B51E40 /* Build configuration list for PBXNativeTarget "SwiftUI_ButtonStyle_tutorial" */;
			buildPhases = (
				EDCCEA2C263692D800B51E40 /* Sources */,
				EDCCEA2D263692D800B51E40 /* Frameworks */,
				EDCCEA2E263692D800B51E40 /* Resources */,
			);
			buildRules = (
			);
			dependencies = (
			);
			name = SwiftUI_ButtonStyle_tutorial;
			productName = SwiftUI_ButtonStyle_tutorial;
			productReference = EDCCEA30263692D800B51E40 /* SwiftUI_ButtonStyle_tutorial.app */;
			productType = "com.apple.product-type.application";
		};
/* End PBXNativeTarget section */

/* Begin PBXProject section */
		EDCCEA28263692D800B51E40 /* Project object */ = {
			isa = PBXProject;
			attributes = {
				LastSwiftUpdateCheck = 1240;
				LastUpgradeCheck = 1240;
				TargetAttributes = {
					EDCCEA2F263692D800B51E40 = {
						CreatedOnToolsVersion = 12.4;
					};
				};
			};
			buildConfigurationList = EDCCEA2B263692D800B51E40 /* Build configuration list for PBXProject "SwiftUI_ButtonStyle_tutorial" */;
			compatibilityVersion = "Xcode 9.3";
			developmentRegion = en;
			hasScannedForEncodings = 0;
			knownRegions = (
				en,
				Base,
			);
			mainGroup = EDCCEA27263692D800B51E40;
			productRefGroup = EDCCEA31263692D800B51E40 /* Products */;
			projectDirPath = "";
			projectRoot = "";
			targets = (
				EDCCEA2F263692D800B51E40 /* SwiftUI_ButtonStyle_tutorial */,
			);
		};
/* End PBXProject section */

/* Begin PBXResourcesBuildPhase section */
		EDCCEA2E263692D800B51E40 /* Resources */ = {
			isa = PBXResourcesBuildPhase;
			buildActionMask = 2147483647;
			files = (
				EDCCEA40263692DA00B51E40 /* LaunchScreen.storyboard in Resources */,
				EDCCEA3D263692DA00B51E40 /* Preview Assets.xcassets in Resources */,
				EDCCEA3A263692DA00B51E40 /* Assets.xcassets in Resources */,
			);
			runOnlyForDeploymentPostprocessing = 0;
		};
/* End PBXResourcesBuildPhase section */

/* Begin PBXSourcesBuildPhase section */
		EDCCEA2C263692D800B51E40 /* Sources */ = {
			isa = PBXSourcesBuildPhase;
			buildActionMask = 2147483647;
			files = (
				EDCCEA502636A3FC00B51E40 /* MySmallerButtonStyle.swift in Sources */,
				EDCCEA34263692D800B51E40 /* AppDelegate.swift in Sources */,
				EDCCEA4926369F8800B51E40 /* MyButtonStyle.swift in Sources */,
				EDCCEA532636A4C400B51E40 /* MyBlurButtonStyle.swift in Sources */,
				EDCCEA36263692D800B51E40 /* SceneDelegate.swift in Sources */,
				EDCCEA38263692D800B51E40 /* ContentView.swift in Sources */,
				EDCCEA4D2636A2DB00B51E40 /* MyRotateButtonStyle.swift in Sources */,
			);
			runOnlyForDeploymentPostprocessing = 0;
		};
/* End PBXSourcesBuildPhase section */

/* Begin PBXVariantGroup section */
		EDCCEA3E263692DA00B51E40 /* LaunchScreen.storyboard */ = {
			isa = PBXVariantGroup;
			children = (
				EDCCEA3F263692DA00B51E40 /* Base */,
			);
			name = LaunchScreen.storyboard;
			sourceTree = "<group>";
		};
/* End PBXVariantGroup section */

/* Begin XCBuildConfiguration section */
		EDCCEA42263692DA00B51E40 /* Debug */ = {
			isa = XCBuildConfiguration;
			buildSettings = {
				ALWAYS_SEARCH_USER_PATHS = NO;
				CLANG_ANALYZER_NONNULL = YES;
				CLANG_ANALYZER_NUMBER_OBJECT_CONVERSION = YES_AGGRESSIVE;
				CLANG_CXX_LANGUAGE_STANDARD = "gnu++14";
				CLANG_CXX_LIBRARY = "libc++";
				CLANG_ENABLE_MODULES = YES;
				CLANG_ENABLE_OBJC_ARC = YES;
				CLANG_ENABLE_OBJC_WEAK = YES;
				CLANG_WARN_BLOCK_CAPTURE_AUTORELEASING = YES;
				CLANG_WARN_BOOL_CONVERSION = YES;
				CLANG_WARN_COMMA = YES;
				CLANG_WARN_CONSTANT_CONVERSION = YES;
				CLANG_WARN_DEPRECATED_OBJC_IMPLEMENTATIONS = YES;
				CLANG_WARN_DIRECT_OBJC_ISA_USAGE = YES_ERROR;
				CLANG_WARN_DOCUMENTATION_COMMENTS = YES;
				CLANG_WARN_EMPTY_BODY = YES;
				CLANG_WARN_ENUM_CONVERSION = YES;
				CLANG_WARN_INFINITE_RECURSION = YES;
				CLANG_WARN_INT_CONVERSION = YES;
				CLANG_WARN_NON_LITERAL_NULL_CONVERSION = YES;
				CLANG_WARN_OBJC_IMPLICIT_RETAIN_SELF = YES;
				CLANG_WARN_OBJC_LITERAL_CONVERSION = YES;
				CLANG_WARN_OBJC_ROOT_CLASS = YES_ERROR;
				CLANG_WARN_QUOTED_INCLUDE_IN_FRAMEWORK_HEADER = YES;
				CLANG_WARN_RANGE_LOOP_ANALYSIS = YES;
				CLANG_WARN_STRICT_PROTOTYPES = YES;
				CLANG_WARN_SUSPICIOUS_MOVE = YES;
				CLANG_WARN_UNGUARDED_AVAILABILITY = YES_AGGRESSIVE;
				CLANG_WARN_UNREACHABLE_CODE = YES;
				CLANG_WARN__DUPLICATE_METHOD_MATCH = YES;
				COPY_PHASE_STRIP = NO;
				DEBUG_INFORMATION_FORMAT = dwarf;
				ENABLE_STRICT_OBJC_MSGSEND = YES;
				ENABLE_TESTABILITY = YES;
				GCC_C_LANGUAGE_STANDARD = gnu11;
				GCC_DYNAMIC_NO_PIC = NO;
				GCC_NO_COMMON_BLOCKS = YES;
				GCC_OPTIMIZATION_LEVEL = 0;
				GCC_PREPROCESSOR_DEFINITIONS = (
					"DEBUG=1",
					"$(inherited)",
				);
				GCC_WARN_64_TO_32_BIT_CONVERSION = YES;
				GCC_WARN_ABOUT_RETURN_TYPE = YES_ERROR;
				GCC_WARN_UNDECLARED_SELECTOR = YES;
				GCC_WARN_UNINITIALIZED_AUTOS = YES_AGGRESSIVE;
				GCC_WARN_UNUSED_FUNCTION = YES;
				GCC_WARN_UNUSED_VARIABLE = YES;
				IPHONEOS_DEPLOYMENT_TARGET = 14.4;
				MTL_ENABLE_DEBUG_INFO = INCLUDE_SOURCE;
				MTL_FAST_MATH = YES;
				ONLY_ACTIVE_ARCH = YES;
				SDKROOT = iphoneos;
				SWIFT_ACTIVE_COMPILATION_CONDITIONS = DEBUG;
				SWIFT_OPTIMIZATION_LEVEL = "-Onone";
			};
			name = Debug;
		};
		EDCCEA43263692DA00B51E40 /* Release */ = {
			isa = XCBuildConfiguration;
			buildSettings = {
				ALWAYS_SEARCH_USER_PATHS = NO;
				CLANG_ANALYZER_NONNULL = YES;
				CLANG_ANALYZER_NUMBER_OBJECT_CONVERSION = YES_AGGRESSIVE;
				CLANG_CXX_LANGUAGE_STANDARD = "gnu++14";
				CLANG_CXX_LIBRARY = "libc++";
				CLANG_ENABLE_MODULES = YES;
				CLANG_ENABLE_OBJC_ARC = YES;
				CLANG_ENABLE_OBJC_WEAK = YES;
				CLANG_WARN_BLOCK_CAPTURE_AUTORELEASING = YES;
				CLANG_WARN_BOOL_CONVERSION = YES;
				CLANG_WARN_COMMA = YES;
				CLANG_WARN_CONSTANT_CONVERSION = YES;
				CLANG_WARN_DEPRECATED_OBJC_IMPLEMENTATIONS = YES;
				CLANG_WARN_DIRECT_OBJC_ISA_USAGE = YES_ERROR;
				CLANG_WARN_DOCUMENTATION_COMMENTS = YES;
				CLANG_WARN_EMPTY_BODY = YES;
				CLANG_WARN_ENUM_CONVERSION = YES;
				CLANG_WARN_INFINITE_RECURSION = YES;
				CLANG_WARN_INT_CONVERSION = YES;
				CLANG_WARN_NON_LITERAL_NULL_CONVERSION = YES;
				CLANG_WARN_OBJC_IMPLICIT_RETAIN_SELF = YES;
				CLANG_WARN_OBJC_LITERAL_CONVERSION = YES;
				CLANG_WARN_OBJC_ROOT_CLASS = YES_ERROR;
				CLANG_WARN_QUOTED_INCLUDE_IN_FRAMEWORK_HEADER = YES;
				CLANG_WARN_RANGE_LOOP_ANALYSIS = YES;
				CLANG_WARN_STRICT_PROTOTYPES = YES;
				CLANG_WARN_SUSPICIOUS_MOVE = YES;
				CLANG_WARN_UNGUARDED_AVAILABILITY = YES_AGGRESSIVE;
				CLANG_WARN_UNREACHABLE_CODE = YES;
				CLANG_WARN__DUPLICATE_METHOD_MATCH = YES;
				COPY_PHASE_STRIP = NO;
				DEBUG_INFORMATION_FORMAT = "dwarf-with-dsym";
				ENABLE_NS_ASSERTIONS = NO;
				ENABLE_STRICT_OBJC_MSGSEND = YES;
				GCC_C_LANGUAGE_STANDARD = gnu11;
				GCC_NO_COMMON_BLOCKS = YES;
				GCC_WARN_64_TO_32_BIT_CONVERSION = YES;
				GCC_WARN_ABOUT_RETURN_TYPE = YES_ERROR;
				GCC_WARN_UNDECLARED_SELECTOR = YES;
				GCC_WARN_UNINITIALIZED_AUTOS = YES_AGGRESSIVE;
				GCC_WARN_UNUSED_FUNCTION = YES;
				GCC_WARN_UNUSED_VARIABLE = YES;
				IPHONEOS_DEPLOYMENT_TARGET = 14.4;
				MTL_ENABLE_DEBUG_INFO = NO;
				MTL_FAST_MATH = YES;
				SDKROOT = iphoneos;
				SWIFT_COMPILATION_MODE = wholemodule;
				SWIFT_OPTIMIZATION_LEVEL = "-O";
				VALIDATE_PRODUCT = YES;
			};
			name = Release;
		};
		EDCCEA45263692DA00B51E40 /* Debug */ = {
			isa = XCBuildConfiguration;
			buildSettings = {
				ASSETCATALOG_COMPILER_APPICON_NAME = AppIcon;
				ASSETCATALOG_COMPILER_GLOBAL_ACCENT_COLOR_NAME = AccentColor;
				CODE_SIGN_STYLE = Automatic;
				DEVELOPMENT_ASSET_PATHS = "\"SwiftUI_ButtonStyle_tutorial/Preview Content\"";
				DEVELOPMENT_TEAM = Y5D3Q95V6F;
				ENABLE_PREVIEWS = YES;
				INFOPLIST_FILE = SwiftUI_ButtonStyle_tutorial/Info.plist;
				LD_RUNPATH_SEARCH_PATHS = (
					"$(inherited)",
					"@executable_path/Frameworks",
				);
				PRODUCT_BUNDLE_IDENTIFIER = "com.tiekle.SwiftUI-ButtonStyle-tutorial";
				PRODUCT_NAME = "$(TARGET_NAME)";
				SWIFT_VERSION = 5.0;
				TARGETED_DEVICE_FAMILY = "1,2";
			};
			name = Debug;
		};
		EDCCEA46263692DA00B51E40 /* Release */ = {
			isa = XCBuildConfiguration;
			buildSettings = {
				ASSETCATALOG_COMPILER_APPICON_NAME = AppIcon;
				ASSETCATALOG_COMPILER_GLOBAL_ACCENT_COLOR_NAME = AccentColor;
				CODE_SIGN_STYLE = Automatic;
				DEVELOPMENT_ASSET_PATHS = "\"SwiftUI_ButtonStyle_tutorial/Preview Content\"";
				DEVELOPMENT_TEAM = Y5D3Q95V6F;
				ENABLE_PREVIEWS = YES;
				INFOPLIST_FILE = SwiftUI_ButtonStyle_tutorial/Info.plist;
				LD_RUNPATH_SEARCH_PATHS = (
					"$(inherited)",
					"@executable_path/Frameworks",
				);
				PRODUCT_BUNDLE_IDENTIFIER = "com.tiekle.SwiftUI-ButtonStyle-tutorial";
				PRODUCT_NAME = "$(TARGET_NAME)";
				SWIFT_VERSION = 5.0;
				TARGETED_DEVICE_FAMILY = "1,2";
			};
			name = Release;
		};
/* End XCBuildConfiguration section */

/* Begin XCConfigurationList section */
		EDCCEA2B263692D800B51E40 /* Build configuration list for PBXProject "SwiftUI_ButtonStyle_tutorial" */ = {
			isa = XCConfigurationList;
			buildConfigurations = (
				EDCCEA42263692DA00B51E40 /* Debug */,
				EDCCEA43263692DA00B51E40 /* Release */,
			);
			defaultConfigurationIsVisible = 0;
			defaultConfigurationName = Release;
		};
		EDCCEA44263692DA00B51E40 /* Build configuration list for PBXNativeTarget "SwiftUI_ButtonStyle_tutorial" */ = {
			isa = XCConfigurationList;
			buildConfigurations = (
				EDCCEA45263692DA00B51E40 /* Debug */,
				EDCCEA46263692DA00B51E40 /* Release */,
			);
			defaultConfigurationIsVisible = 0;
			defaultConfigurationName = Release;
		};
/* End XCConfigurationList section */
	};
	rootObject = EDCCEA28263692D800B51E40 /* Project object */;
}
