// !$*UTF8*$!
{
	archiveVersion = 1;
	classes = {
	};
	objectVersion = 50;
	objects = {

/* Begin PBXBuildFile section */
		EDCCEA0126367D8900B51E40 /* AppDelegate.swift in Sources */ = {isa = PBXBuildFile; fileRef = EDCCEA0026367D8900B51E40 /* AppDelegate.swift */; };
		EDCCEA0326367D8900B51E40 /* SceneDelegate.swift in Sources */ = {isa = PBXBuildFile; fileRef = EDCCEA0226367D8900B51E40 /* SceneDelegate.swift */; };
		EDCCEA0526367D8900B51E40 /* ContentView.swift in Sources */ = {isa = PBXBuildFile; fileRef = EDCCEA0426367D8900B51E40 /* ContentView.swift */; };
		EDCCEA0726367D8A00B51E40 /* Assets.xcassets in Resources */ = {isa = PBXBuildFile; fileRef = EDCCEA0626367D8A00B51E40 /* Assets.xcassets */; };
		EDCCEA0A26367D8A00B51E40 /* Preview Assets.xcassets in Resources */ = {isa = PBXBuildFile; fileRef = EDCCEA0926367D8A00B51E40 /* Preview Assets.xcassets */; };
		EDCCEA0D26367D8A00B51E40 /* LaunchScreen.storyboard in Resources */ = {isa = PBXBuildFile; fileRef = EDCCEA0B26367D8A00B51E40 /* LaunchScreen.storyboard */; };
		EDCCEA17263680B300B51E40 /* MyWebView.swift in Sources */ = {isa = PBXBuildFile; fileRef = EDCCEA16263680B300B51E40 /* MyWebView.swift */; };
		EDCCEA1F263688E900B51E40 /* CodeScannerView.swift in Sources */ = {isa = PBXBuildFile; fileRef = EDCCEA1E263688E900B51E40 /* CodeScannerView.swift */; };
		EDCCEA222636898800B51E40 /* QRCodeScannerExampleView.swift in Sources */ = {isa = PBXBuildFile; fileRef = EDCCEA212636898800B51E40 /* QRCodeScannerExampleView.swift */; };
		EDCCEA2526368EFF00B51E40 /* QRCodeGuideLineView.swift in Sources */ = {isa = PBXBuildFile; fileRef = EDCCEA2426368EFF00B51E40 /* QRCodeGuideLineView.swift */; };
/* End PBXBuildFile section */

/* Begin PBXFileReference section */
		EDCCE9FD26367D8900B51E40 /* SwiftUI_QRCodeReader_tutorial.app */ = {isa = PBXFileReference; explicitFileType = wrapper.application; includeInIndex = 0; path = SwiftUI_QRCodeReader_tutorial.app; sourceTree = BUILT_PRODUCTS_DIR; };
		EDCCEA0026367D8900B51E40 /* AppDelegate.swift */ = {isa = PBXFileReference; lastKnownFileType = sourcecode.swift; path = AppDelegate.swift; sourceTree = "<group>"; };
		EDCCEA0226367D8900B51E40 /* SceneDelegate.swift */ = {isa = PBXFileReference; lastKnownFileType = sourcecode.swift; path = SceneDelegate.swift; sourceTree = "<group>"; };
		EDCCEA0426367D8900B51E40 /* ContentView.swift */ = {isa = PBXFileReference; lastKnownFileType = sourcecode.swift; path = ContentView.swift; sourceTree = "<group>"; };
		EDCCEA0626367D8A00B51E40 /* Assets.xcassets */ = {isa = PBXFileReference; lastKnownFileType = folder.assetcatalog; path = Assets.xcassets; sourceTree = "<group>"; };
		EDCCEA0926367D8A00B51E40 /* Preview Assets.xcassets */ = {isa = PBXFileReference; lastKnownFileType = folder.assetcatalog; path = "Preview Assets.xcassets"; sourceTree = "<group>"; };
		EDCCEA0C26367D8A00B51E40 /* Base */ = {isa = PBXFileReference; lastKnownFileType = file.storyboard; name = Base; path = Base.lproj/LaunchScreen.storyboard; sourceTree = "<group>"; };
		EDCCEA0E26367D8A00B51E40 /* Info.plist */ = {isa = PBXFileReference; lastKnownFileType = text.plist.xml; path = Info.plist; sourceTree = "<group>"; };
		EDCCEA16263680B300B51E40 /* MyWebView.swift */ = {isa = PBXFileReference; lastKnownFileType = sourcecode.swift; path = MyWebView.swift; sourceTree = "<group>"; };
		EDCCEA1E263688E900B51E40 /* CodeScannerView.swift */ = {isa = PBXFileReference; lastKnownFileType = sourcecode.swift; path = CodeScannerView.swift; sourceTree = "<group>"; };
		EDCCEA212636898800B51E40 /* QRCodeScannerExampleView.swift */ = {isa = PBXFileReference; lastKnownFileType = sourcecode.swift; path = QRCodeScannerExampleView.swift; sourceTree = "<group>"; };
		EDCCEA2426368EFF00B51E40 /* QRCodeGuideLineView.swift */ = {isa = PBXFileReference; lastKnownFileType = sourcecode.swift; path = QRCodeGuideLineView.swift; sourceTree = "<group>"; };
/* End PBXFileReference section */

/* Begin PBXFrameworksBuildPhase section */
		EDCCE9FA26367D8900B51E40 /* Frameworks */ = {
			isa = PBXFrameworksBuildPhase;
			buildActionMask = 2147483647;
			files = (
			);
			runOnlyForDeploymentPostprocessing = 0;
		};
/* End PBXFrameworksBuildPhase section */

/* Begin PBXGroup section */
		EDCCE9F426367D8900B51E40 = {
			isa = PBXGroup;
			children = (
				EDCCE9FF26367D8900B51E40 /* SwiftUI_QRCodeReader_tutorial */,
				EDCCE9FE26367D8900B51E40 /* Products */,
			);
			sourceTree = "<group>";
		};
		EDCCE9FE26367D8900B51E40 /* Products */ = {
			isa = PBXGroup;
			children = (
				EDCCE9FD26367D8900B51E40 /* SwiftUI_QRCodeReader_tutorial.app */,
			);
			name = Products;
			sourceTree = "<group>";
		};
		EDCCE9FF26367D8900B51E40 /* SwiftUI_QRCodeReader_tutorial */ = {
			isa = PBXGroup;
			children = (
				EDCCEA0026367D8900B51E40 /* AppDelegate.swift */,
				EDCCEA0226367D8900B51E40 /* SceneDelegate.swift */,
				EDCCEA0426367D8900B51E40 /* ContentView.swift */,
				EDCCEA0626367D8A00B51E40 /* Assets.xcassets */,
				EDCCEA0B26367D8A00B51E40 /* LaunchScreen.storyboard */,
				EDCCEA0E26367D8A00B51E40 /* Info.plist */,
				EDCCEA0826367D8A00B51E40 /* Preview Content */,
				EDCCEA16263680B300B51E40 /* MyWebView.swift */,
				EDCCEA1E263688E900B51E40 /* CodeScannerView.swift */,
				EDCCEA212636898800B51E40 /* QRCodeScannerExampleView.swift */,
				EDCCEA2426368EFF00B51E40 /* QRCodeGuideLineView.swift */,
			);
			path = SwiftUI_QRCodeReader_tutorial;
			sourceTree = "<group>";
		};
		EDCCEA0826367D8A00B51E40 /* Preview Content */ = {
			isa = PBXGroup;
			children = (
				EDCCEA0926367D8A00B51E40 /* Preview Assets.xcassets */,
			);
			path = "Preview Content";
			sourceTree = "<group>";
		};
/* End PBXGroup section */

/* Begin PBXNativeTarget section */
		EDCCE9FC26367D8900B51E40 /* SwiftUI_QRCodeReader_tutorial */ = {
			isa = PBXNativeTarget;
			buildConfigurationList = EDCCEA1126367D8A00B51E40 /* Build configuration list for PBXNativeTarget "SwiftUI_QRCodeReader_tutorial" */;
			buildPhases = (
				EDCCE9F926367D8900B51E40 /* Sources */,
				EDCCE9FA26367D8900B51E40 /* Frameworks */,
				EDCCE9FB26367D8900B51E40 /* Resources */,
			);
			buildRules = (
			);
			dependencies = (
			);
			name = SwiftUI_QRCodeReader_tutorial;
			productName = SwiftUI_QRCodeReader_tutorial;
			productReference = EDCCE9FD26367D8900B51E40 /* SwiftUI_QRCodeReader_tutorial.app */;
			productType = "com.apple.product-type.application";
		};
/* End PBXNativeTarget section */

/* Begin PBXProject section */
		EDCCE9F526367D8900B51E40 /* Project object */ = {
			isa = PBXProject;
			attributes = {
				LastSwiftUpdateCheck = 1240;
				LastUpgradeCheck = 1240;
				TargetAttributes = {
					EDCCE9FC26367D8900B51E40 = {
						CreatedOnToolsVersion = 12.4;
					};
				};
			};
			buildConfigurationList = EDCCE9F826367D8900B51E40 /* Build configuration list for PBXProject "SwiftUI_QRCodeReader_tutorial" */;
			compatibilityVersion = "Xcode 9.3";
			developmentRegion = en;
			hasScannedForEncodings = 0;
			knownRegions = (
				en,
				Base,
			);
			mainGroup = EDCCE9F426367D8900B51E40;
			productRefGroup = EDCCE9FE26367D8900B51E40 /* Products */;
			projectDirPath = "";
			projectRoot = "";
			targets = (
				EDCCE9FC26367D8900B51E40 /* SwiftUI_QRCodeReader_tutorial */,
			);
		};
/* End PBXProject section */

/* Begin PBXResourcesBuildPhase section */
		EDCCE9FB26367D8900B51E40 /* Resources */ = {
			isa = PBXResourcesBuildPhase;
			buildActionMask = 2147483647;
			files = (
				EDCCEA0D26367D8A00B51E40 /* LaunchScreen.storyboard in Resources */,
				EDCCEA0A26367D8A00B51E40 /* Preview Assets.xcassets in Resources */,
				EDCCEA0726367D8A00B51E40 /* Assets.xcassets in Resources */,
			);
			runOnlyForDeploymentPostprocessing = 0;
		};
/* End PBXResourcesBuildPhase section */

/* Begin PBXSourcesBuildPhase section */
		EDCCE9F926367D8900B51E40 /* Sources */ = {
			isa = PBXSourcesBuildPhase;
			buildActionMask = 2147483647;
			files = (
				EDCCEA2526368EFF00B51E40 /* QRCodeGuideLineView.swift in Sources */,
				EDCCEA0126367D8900B51E40 /* AppDelegate.swift in Sources */,
				EDCCEA17263680B300B51E40 /* MyWebView.swift in Sources */,
				EDCCEA0326367D8900B51E40 /* SceneDelegate.swift in Sources */,
				EDCCEA0526367D8900B51E40 /* ContentView.swift in Sources */,
				EDCCEA222636898800B51E40 /* QRCodeScannerExampleView.swift in Sources */,
				EDCCEA1F263688E900B51E40 /* CodeScannerView.swift in Sources */,
			);
			runOnlyForDeploymentPostprocessing = 0;
		};
/* End PBXSourcesBuildPhase section */

/* Begin PBXVariantGroup section */
		EDCCEA0B26367D8A00B51E40 /* LaunchScreen.storyboard */ = {
			isa = PBXVariantGroup;
			children = (
				EDCCEA0C26367D8A00B51E40 /* Base */,
			);
			name = LaunchScreen.storyboard;
			sourceTree = "<group>";
		};
/* End PBXVariantGroup section */

/* Begin XCBuildConfiguration section */
		EDCCEA0F26367D8A00B51E40 /* Debug */ = {
			isa = XCBuildConfiguration;
			buildSettings = {
				ALWAYS_SEARCH_USER_PATHS = NO;
				CLANG_ANALYZER_NONNULL = YES;
				CLANG_ANALYZER_NUMBER_OBJECT_CONVERSION = YES_AGGRESSIVE;
				CLANG_CXX_LANGUAGE_STANDARD = "gnu++14";
				CLANG_CXX_LIBRARY = "libc++";
				CLANG_ENABLE_MODULES = YES;
				CLANG_ENABLE_OBJC_ARC = YES;
				CLANG_ENABLE_OBJC_WEAK = YES;
				CLANG_WARN_BLOCK_CAPTURE_AUTORELEASING = YES;
				CLANG_WARN_BOOL_CONVERSION = YES;
				CLANG_WARN_COMMA = YES;
				CLANG_WARN_CONSTANT_CONVERSION = YES;
				CLANG_WARN_DEPRECATED_OBJC_IMPLEMENTATIONS = YES;
				CLANG_WARN_DIRECT_OBJC_ISA_USAGE = YES_ERROR;
				CLANG_WARN_DOCUMENTATION_COMMENTS = YES;
				CLANG_WARN_EMPTY_BODY = YES;
				CLANG_WARN_ENUM_CONVERSION = YES;
				CLANG_WARN_INFINITE_RECURSION = YES;
				CLANG_WARN_INT_CONVERSION = YES;
				CLANG_WARN_NON_LITERAL_NULL_CONVERSION = YES;
				CLANG_WARN_OBJC_IMPLICIT_RETAIN_SELF = YES;
				CLANG_WARN_OBJC_LITERAL_CONVERSION = YES;
				CLANG_WARN_OBJC_ROOT_CLASS = YES_ERROR;
				CLANG_WARN_QUOTED_INCLUDE_IN_FRAMEWORK_HEADER = YES;
				CLANG_WARN_RANGE_LOOP_ANALYSIS = YES;
				CLANG_WARN_STRICT_PROTOTYPES = YES;
				CLANG_WARN_SUSPICIOUS_MOVE = YES;
				CLANG_WARN_UNGUARDED_AVAILABILITY = YES_AGGRESSIVE;
				CLANG_WARN_UNREACHABLE_CODE = YES;
				CLANG_WARN__DUPLICATE_METHOD_MATCH = YES;
				COPY_PHASE_STRIP = NO;
				DEBUG_INFORMATION_FORMAT = dwarf;
				ENABLE_STRICT_OBJC_MSGSEND = YES;
				ENABLE_TESTABILITY = YES;
				GCC_C_LANGUAGE_STANDARD = gnu11;
				GCC_DYNAMIC_NO_PIC = NO;
				GCC_NO_COMMON_BLOCKS = YES;
				GCC_OPTIMIZATION_LEVEL = 0;
				GCC_PREPROCESSOR_DEFINITIONS = (
					"DEBUG=1",
					"$(inherited)",
				);
				GCC_WARN_64_TO_32_BIT_CONVERSION = YES;
				GCC_WARN_ABOUT_RETURN_TYPE = YES_ERROR;
				GCC_WARN_UNDECLARED_SELECTOR = YES;
				GCC_WARN_UNINITIALIZED_AUTOS = YES_AGGRESSIVE;
				GCC_WARN_UNUSED_FUNCTION = YES;
				GCC_WARN_UNUSED_VARIABLE = YES;
				IPHONEOS_DEPLOYMENT_TARGET = 14.4;
				MTL_ENABLE_DEBUG_INFO = INCLUDE_SOURCE;
				MTL_FAST_MATH = YES;
				ONLY_ACTIVE_ARCH = YES;
				SDKROOT = iphoneos;
				SWIFT_ACTIVE_COMPILATION_CONDITIONS = DEBUG;
				SWIFT_OPTIMIZATION_LEVEL = "-Onone";
			};
			name = Debug;
		};
		EDCCEA1026367D8A00B51E40 /* Release */ = {
			isa = XCBuildConfiguration;
			buildSettings = {
				ALWAYS_SEARCH_USER_PATHS = NO;
				CLANG_ANALYZER_NONNULL = YES;
				CLANG_ANALYZER_NUMBER_OBJECT_CONVERSION = YES_AGGRESSIVE;
				CLANG_CXX_LANGUAGE_STANDARD = "gnu++14";
				CLANG_CXX_LIBRARY = "libc++";
				CLANG_ENABLE_MODULES = YES;
				CLANG_ENABLE_OBJC_ARC = YES;
				CLANG_ENABLE_OBJC_WEAK = YES;
				CLANG_WARN_BLOCK_CAPTURE_AUTORELEASING = YES;
				CLANG_WARN_BOOL_CONVERSION = YES;
				CLANG_WARN_COMMA = YES;
				CLANG_WARN_CONSTANT_CONVERSION = YES;
				CLANG_WARN_DEPRECATED_OBJC_IMPLEMENTATIONS = YES;
				CLANG_WARN_DIRECT_OBJC_ISA_USAGE = YES_ERROR;
				CLANG_WARN_DOCUMENTATION_COMMENTS = YES;
				CLANG_WARN_EMPTY_BODY = YES;
				CLANG_WARN_ENUM_CONVERSION = YES;
				CLANG_WARN_INFINITE_RECURSION = YES;
				CLANG_WARN_INT_CONVERSION = YES;
				CLANG_WARN_NON_LITERAL_NULL_CONVERSION = YES;
				CLANG_WARN_OBJC_IMPLICIT_RETAIN_SELF = YES;
				CLANG_WARN_OBJC_LITERAL_CONVERSION = YES;
				CLANG_WARN_OBJC_ROOT_CLASS = YES_ERROR;
				CLANG_WARN_QUOTED_INCLUDE_IN_FRAMEWORK_HEADER = YES;
				CLANG_WARN_RANGE_LOOP_ANALYSIS = YES;
				CLANG_WARN_STRICT_PROTOTYPES = YES;
				CLANG_WARN_SUSPICIOUS_MOVE = YES;
				CLANG_WARN_UNGUARDED_AVAILABILITY = YES_AGGRESSIVE;
				CLANG_WARN_UNREACHABLE_CODE = YES;
				CLANG_WARN__DUPLICATE_METHOD_MATCH = YES;
				COPY_PHASE_STRIP = NO;
				DEBUG_INFORMATION_FORMAT = "dwarf-with-dsym";
				ENABLE_NS_ASSERTIONS = NO;
				ENABLE_STRICT_OBJC_MSGSEND = YES;
				GCC_C_LANGUAGE_STANDARD = gnu11;
				GCC_NO_COMMON_BLOCKS = YES;
				GCC_WARN_64_TO_32_BIT_CONVERSION = YES;
				GCC_WARN_ABOUT_RETURN_TYPE = YES_ERROR;
				GCC_WARN_UNDECLARED_SELECTOR = YES;
				GCC_WARN_UNINITIALIZED_AUTOS = YES_AGGRESSIVE;
				GCC_WARN_UNUSED_FUNCTION = YES;
				GCC_WARN_UNUSED_VARIABLE = YES;
				IPHONEOS_DEPLOYMENT_TARGET = 14.4;
				MTL_ENABLE_DEBUG_INFO = NO;
				MTL_FAST_MATH = YES;
				SDKROOT = iphoneos;
				SWIFT_COMPILATION_MODE = wholemodule;
				SWIFT_OPTIMIZATION_LEVEL = "-O";
				VALIDATE_PRODUCT = YES;
			};
			name = Release;
		};
		EDCCEA1226367D8A00B51E40 /* Debug */ = {
			isa = XCBuildConfiguration;
			buildSettings = {
				ASSETCATALOG_COMPILER_APPICON_NAME = AppIcon;
				ASSETCATALOG_COMPILER_GLOBAL_ACCENT_COLOR_NAME = AccentColor;
				CODE_SIGN_STYLE = Automatic;
				DEVELOPMENT_ASSET_PATHS = "\"SwiftUI_QRCodeReader_tutorial/Preview Content\"";
				DEVELOPMENT_TEAM = Y5D3Q95V6F;
				ENABLE_PREVIEWS = YES;
				INFOPLIST_FILE = SwiftUI_QRCodeReader_tutorial/Info.plist;
				LD_RUNPATH_SEARCH_PATHS = (
					"$(inherited)",
					"@executable_path/Frameworks",
				);
				PRODUCT_BUNDLE_IDENTIFIER = "com.tiekle.SwiftUI-QRCodeReader-tutorial";
				PRODUCT_NAME = "$(TARGET_NAME)";
				SWIFT_VERSION = 5.0;
				TARGETED_DEVICE_FAMILY = "1,2";
			};
			name = Debug;
		};
		EDCCEA1326367D8A00B51E40 /* Release */ = {
			isa = XCBuildConfiguration;
			buildSettings = {
				ASSETCATALOG_COMPILER_APPICON_NAME = AppIcon;
				ASSETCATALOG_COMPILER_GLOBAL_ACCENT_COLOR_NAME = AccentColor;
				CODE_SIGN_STYLE = Automatic;
				DEVELOPMENT_ASSET_PATHS = "\"SwiftUI_QRCodeReader_tutorial/Preview Content\"";
				DEVELOPMENT_TEAM = Y5D3Q95V6F;
				ENABLE_PREVIEWS = YES;
				INFOPLIST_FILE = SwiftUI_QRCodeReader_tutorial/Info.plist;
				LD_RUNPATH_SEARCH_PATHS = (
					"$(inherited)",
					"@executable_path/Frameworks",
				);
				PRODUCT_BUNDLE_IDENTIFIER = "com.tiekle.SwiftUI-QRCodeReader-tutorial";
				PRODUCT_NAME = "$(TARGET_NAME)";
				SWIFT_VERSION = 5.0;
				TARGETED_DEVICE_FAMILY = "1,2";
			};
			name = Release;
		};
/* End XCBuildConfiguration section */

/* Begin XCConfigurationList section */
		EDCCE9F826367D8900B51E40 /* Build configuration list for PBXProject "SwiftUI_QRCodeReader_tutorial" */ = {
			isa = XCConfigurationList;
			buildConfigurations = (
				EDCCEA0F26367D8A00B51E40 /* Debug */,
				EDCCEA1026367D8A00B51E40 /* Release */,
			);
			defaultConfigurationIsVisible = 0;
			defaultConfigurationName = Release;
		};
		EDCCEA1126367D8A00B51E40 /* Build configuration list for PBXNativeTarget "SwiftUI_QRCodeReader_tutorial" */ = {
			isa = XCConfigurationList;
			buildConfigurations = (
				EDCCEA1226367D8A00B51E40 /* Debug */,
				EDCCEA1326367D8A00B51E40 /* Release */,
			);
			defaultConfigurationIsVisible = 0;
			defaultConfigurationName = Release;
		};
/* End XCConfigurationList section */
	};
	rootObject = EDCCE9F526367D8900B51E40 /* Project object */;
}
