// !$*UTF8*$!
{
	archiveVersion = 1;
	classes = {
	};
	objectVersion = 50;
	objects = {

/* Begin PBXBuildFile section */
		EDCCE9D72636534C00B51E40 /* AppDelegate.swift in Sources */ = {isa = PBXBuildFile; fileRef = EDCCE9D62636534C00B51E40 /* AppDelegate.swift */; };
		EDCCE9D92636534C00B51E40 /* SceneDelegate.swift in Sources */ = {isa = PBXBuildFile; fileRef = EDCCE9D82636534C00B51E40 /* SceneDelegate.swift */; };
		EDCCE9DB2636534C00B51E40 /* ContentView.swift in Sources */ = {isa = PBXBuildFile; fileRef = EDCCE9DA2636534C00B51E40 /* ContentView.swift */; };
		EDCCE9DD2636534D00B51E40 /* Assets.xcassets in Resources */ = {isa = PBXBuildFile; fileRef = EDCCE9DC2636534D00B51E40 /* Assets.xcassets */; };
		EDCCE9E02636534D00B51E40 /* Preview Assets.xcassets in Resources */ = {isa = PBXBuildFile; fileRef = EDCCE9DF2636534D00B51E40 /* Preview Assets.xcassets */; };
		EDCCE9E32636534D00B51E40 /* LaunchScreen.storyboard in Resources */ = {isa = PBXBuildFile; fileRef = EDCCE9E12636534D00B51E40 /* LaunchScreen.storyboard */; };
		EDCCE9EC2636536400B51E40 /* MyTabView.swift in Sources */ = {isa = PBXBuildFile; fileRef = EDCCE9EB2636536400B51E40 /* MyTabView.swift */; };
		EDCCE9EF26365D7900B51E40 /* MyView.swift in Sources */ = {isa = PBXBuildFile; fileRef = EDCCE9EE26365D7900B51E40 /* MyView.swift */; };
		EDCCE9F226365F2C00B51E40 /* MyCustomTab.swift in Sources */ = {isa = PBXBuildFile; fileRef = EDCCE9F126365F2C00B51E40 /* MyCustomTab.swift */; };
/* End PBXBuildFile section */

/* Begin PBXFileReference section */
		EDCCE9D32636534C00B51E40 /* SwiftUI_TabView_tutorial.app */ = {isa = PBXFileReference; explicitFileType = wrapper.application; includeInIndex = 0; path = SwiftUI_TabView_tutorial.app; sourceTree = BUILT_PRODUCTS_DIR; };
		EDCCE9D62636534C00B51E40 /* AppDelegate.swift */ = {isa = PBXFileReference; lastKnownFileType = sourcecode.swift; path = AppDelegate.swift; sourceTree = "<group>"; };
		EDCCE9D82636534C00B51E40 /* SceneDelegate.swift */ = {isa = PBXFileReference; lastKnownFileType = sourcecode.swift; path = SceneDelegate.swift; sourceTree = "<group>"; };
		EDCCE9DA2636534C00B51E40 /* ContentView.swift */ = {isa = PBXFileReference; lastKnownFileType = sourcecode.swift; path = ContentView.swift; sourceTree = "<group>"; };
		EDCCE9DC2636534D00B51E40 /* Assets.xcassets */ = {isa = PBXFileReference; lastKnownFileType = folder.assetcatalog; path = Assets.xcassets; sourceTree = "<group>"; };
		EDCCE9DF2636534D00B51E40 /* Preview Assets.xcassets */ = {isa = PBXFileReference; lastKnownFileType = folder.assetcatalog; path = "Preview Assets.xcassets"; sourceTree = "<group>"; };
		EDCCE9E22636534D00B51E40 /* Base */ = {isa = PBXFileReference; lastKnownFileType = file.storyboard; name = Base; path = Base.lproj/LaunchScreen.storyboard; sourceTree = "<group>"; };
		EDCCE9E42636534D00B51E40 /* Info.plist */ = {isa = PBXFileReference; lastKnownFileType = text.plist.xml; path = Info.plist; sourceTree = "<group>"; };
		EDCCE9EB2636536400B51E40 /* MyTabView.swift */ = {isa = PBXFileReference; lastKnownFileType = sourcecode.swift; path = MyTabView.swift; sourceTree = "<group>"; };
		EDCCE9EE26365D7900B51E40 /* MyView.swift */ = {isa = PBXFileReference; lastKnownFileType = sourcecode.swift; path = MyView.swift; sourceTree = "<group>"; };
		EDCCE9F126365F2C00B51E40 /* MyCustomTab.swift */ = {isa = PBXFileReference; lastKnownFileType = sourcecode.swift; path = MyCustomTab.swift; sourceTree = "<group>"; };
/* End PBXFileReference section */

/* Begin PBXFrameworksBuildPhase section */
		EDCCE9D02636534C00B51E40 /* Frameworks */ = {
			isa = PBXFrameworksBuildPhase;
			buildActionMask = 2147483647;
			files = (
			);
			runOnlyForDeploymentPostprocessing = 0;
		};
/* End PBXFrameworksBuildPhase section */

/* Begin PBXGroup section */
		EDCCE9CA2636534C00B51E40 = {
			isa = PBXGroup;
			children = (
				EDCCE9D52636534C00B51E40 /* SwiftUI_TabView_tutorial */,
				EDCCE9D42636534C00B51E40 /* Products */,
			);
			sourceTree = "<group>";
		};
		EDCCE9D42636534C00B51E40 /* Products */ = {
			isa = PBXGroup;
			children = (
				EDCCE9D32636534C00B51E40 /* SwiftUI_TabView_tutorial.app */,
			);
			name = Products;
			sourceTree = "<group>";
		};
		EDCCE9D52636534C00B51E40 /* SwiftUI_TabView_tutorial */ = {
			isa = PBXGroup;
			children = (
				EDCCE9D62636534C00B51E40 /* AppDelegate.swift */,
				EDCCE9D82636534C00B51E40 /* SceneDelegate.swift */,
				EDCCE9DA2636534C00B51E40 /* ContentView.swift */,
				EDCCE9DC2636534D00B51E40 /* Assets.xcassets */,
				EDCCE9E12636534D00B51E40 /* LaunchScreen.storyboard */,
				EDCCE9E42636534D00B51E40 /* Info.plist */,
				EDCCE9DE2636534D00B51E40 /* Preview Content */,
				EDCCE9EB2636536400B51E40 /* MyTabView.swift */,
				EDCCE9EE26365D7900B51E40 /* MyView.swift */,
				EDCCE9F126365F2C00B51E40 /* MyCustomTab.swift */,
			);
			path = SwiftUI_TabView_tutorial;
			sourceTree = "<group>";
		};
		EDCCE9DE2636534D00B51E40 /* Preview Content */ = {
			isa = PBXGroup;
			children = (
				EDCCE9DF2636534D00B51E40 /* Preview Assets.xcassets */,
			);
			path = "Preview Content";
			sourceTree = "<group>";
		};
/* End PBXGroup section */

/* Begin PBXNativeTarget section */
		EDCCE9D22636534C00B51E40 /* SwiftUI_TabView_tutorial */ = {
			isa = PBXNativeTarget;
			buildConfigurationList = EDCCE9E72636534D00B51E40 /* Build configuration list for PBXNativeTarget "SwiftUI_TabView_tutorial" */;
			buildPhases = (
				EDCCE9CF2636534C00B51E40 /* Sources */,
				EDCCE9D02636534C00B51E40 /* Frameworks */,
				EDCCE9D12636534C00B51E40 /* Resources */,
			);
			buildRules = (
			);
			dependencies = (
			);
			name = SwiftUI_TabView_tutorial;
			productName = SwiftUI_TabView_tutorial;
			productReference = EDCCE9D32636534C00B51E40 /* SwiftUI_TabView_tutorial.app */;
			productType = "com.apple.product-type.application";
		};
/* End PBXNativeTarget section */

/* Begin PBXProject section */
		EDCCE9CB2636534C00B51E40 /* Project object */ = {
			isa = PBXProject;
			attributes = {
				LastSwiftUpdateCheck = 1240;
				LastUpgradeCheck = 1240;
				TargetAttributes = {
					EDCCE9D22636534C00B51E40 = {
						CreatedOnToolsVersion = 12.4;
					};
				};
			};
			buildConfigurationList = EDCCE9CE2636534C00B51E40 /* Build configuration list for PBXProject "SwiftUI_TabView_tutorial" */;
			compatibilityVersion = "Xcode 9.3";
			developmentRegion = en;
			hasScannedForEncodings = 0;
			knownRegions = (
				en,
				Base,
			);
			mainGroup = EDCCE9CA2636534C00B51E40;
			productRefGroup = EDCCE9D42636534C00B51E40 /* Products */;
			projectDirPath = "";
			projectRoot = "";
			targets = (
				EDCCE9D22636534C00B51E40 /* SwiftUI_TabView_tutorial */,
			);
		};
/* End PBXProject section */

/* Begin PBXResourcesBuildPhase section */
		EDCCE9D12636534C00B51E40 /* Resources */ = {
			isa = PBXResourcesBuildPhase;
			buildActionMask = 2147483647;
			files = (
				EDCCE9E32636534D00B51E40 /* LaunchScreen.storyboard in Resources */,
				EDCCE9E02636534D00B51E40 /* Preview Assets.xcassets in Resources */,
				EDCCE9DD2636534D00B51E40 /* Assets.xcassets in Resources */,
			);
			runOnlyForDeploymentPostprocessing = 0;
		};
/* End PBXResourcesBuildPhase section */

/* Begin PBXSourcesBuildPhase section */
		EDCCE9CF2636534C00B51E40 /* Sources */ = {
			isa = PBXSourcesBuildPhase;
			buildActionMask = 2147483647;
			files = (
				EDCCE9D72636534C00B51E40 /* AppDelegate.swift in Sources */,
				EDCCE9D92636534C00B51E40 /* SceneDelegate.swift in Sources */,
				EDCCE9F226365F2C00B51E40 /* MyCustomTab.swift in Sources */,
				EDCCE9EF26365D7900B51E40 /* MyView.swift in Sources */,
				EDCCE9EC2636536400B51E40 /* MyTabView.swift in Sources */,
				EDCCE9DB2636534C00B51E40 /* ContentView.swift in Sources */,
			);
			runOnlyForDeploymentPostprocessing = 0;
		};
/* End PBXSourcesBuildPhase section */

/* Begin PBXVariantGroup section */
		EDCCE9E12636534D00B51E40 /* LaunchScreen.storyboard */ = {
			isa = PBXVariantGroup;
			children = (
				EDCCE9E22636534D00B51E40 /* Base */,
			);
			name = LaunchScreen.storyboard;
			sourceTree = "<group>";
		};
/* End PBXVariantGroup section */

/* Begin XCBuildConfiguration section */
		EDCCE9E52636534D00B51E40 /* Debug */ = {
			isa = XCBuildConfiguration;
			buildSettings = {
				ALWAYS_SEARCH_USER_PATHS = NO;
				CLANG_ANALYZER_NONNULL = YES;
				CLANG_ANALYZER_NUMBER_OBJECT_CONVERSION = YES_AGGRESSIVE;
				CLANG_CXX_LANGUAGE_STANDARD = "gnu++14";
				CLANG_CXX_LIBRARY = "libc++";
				CLANG_ENABLE_MODULES = YES;
				CLANG_ENABLE_OBJC_ARC = YES;
				CLANG_ENABLE_OBJC_WEAK = YES;
				CLANG_WARN_BLOCK_CAPTURE_AUTORELEASING = YES;
				CLANG_WARN_BOOL_CONVERSION = YES;
				CLANG_WARN_COMMA = YES;
				CLANG_WARN_CONSTANT_CONVERSION = YES;
				CLANG_WARN_DEPRECATED_OBJC_IMPLEMENTATIONS = YES;
				CLANG_WARN_DIRECT_OBJC_ISA_USAGE = YES_ERROR;
				CLANG_WARN_DOCUMENTATION_COMMENTS = YES;
				CLANG_WARN_EMPTY_BODY = YES;
				CLANG_WARN_ENUM_CONVERSION = YES;
				CLANG_WARN_INFINITE_RECURSION = YES;
				CLANG_WARN_INT_CONVERSION = YES;
				CLANG_WARN_NON_LITERAL_NULL_CONVERSION = YES;
				CLANG_WARN_OBJC_IMPLICIT_RETAIN_SELF = YES;
				CLANG_WARN_OBJC_LITERAL_CONVERSION = YES;
				CLANG_WARN_OBJC_ROOT_CLASS = YES_ERROR;
				CLANG_WARN_QUOTED_INCLUDE_IN_FRAMEWORK_HEADER = YES;
				CLANG_WARN_RANGE_LOOP_ANALYSIS = YES;
				CLANG_WARN_STRICT_PROTOTYPES = YES;
				CLANG_WARN_SUSPICIOUS_MOVE = YES;
				CLANG_WARN_UNGUARDED_AVAILABILITY = YES_AGGRESSIVE;
				CLANG_WARN_UNREACHABLE_CODE = YES;
				CLANG_WARN__DUPLICATE_METHOD_MATCH = YES;
				COPY_PHASE_STRIP = NO;
				DEBUG_INFORMATION_FORMAT = dwarf;
				ENABLE_STRICT_OBJC_MSGSEND = YES;
				ENABLE_TESTABILITY = YES;
				GCC_C_LANGUAGE_STANDARD = gnu11;
				GCC_DYNAMIC_NO_PIC = NO;
				GCC_NO_COMMON_BLOCKS = YES;
				GCC_OPTIMIZATION_LEVEL = 0;
				GCC_PREPROCESSOR_DEFINITIONS = (
					"DEBUG=1",
					"$(inherited)",
				);
				GCC_WARN_64_TO_32_BIT_CONVERSION = YES;
				GCC_WARN_ABOUT_RETURN_TYPE = YES_ERROR;
				GCC_WARN_UNDECLARED_SELECTOR = YES;
				GCC_WARN_UNINITIALIZED_AUTOS = YES_AGGRESSIVE;
				GCC_WARN_UNUSED_FUNCTION = YES;
				GCC_WARN_UNUSED_VARIABLE = YES;
				IPHONEOS_DEPLOYMENT_TARGET = 14.4;
				MTL_ENABLE_DEBUG_INFO = INCLUDE_SOURCE;
				MTL_FAST_MATH = YES;
				ONLY_ACTIVE_ARCH = YES;
				SDKROOT = iphoneos;
				SWIFT_ACTIVE_COMPILATION_CONDITIONS = DEBUG;
				SWIFT_OPTIMIZATION_LEVEL = "-Onone";
			};
			name = Debug;
		};
		EDCCE9E62636534D00B51E40 /* Release */ = {
			isa = XCBuildConfiguration;
			buildSettings = {
				ALWAYS_SEARCH_USER_PATHS = NO;
				CLANG_ANALYZER_NONNULL = YES;
				CLANG_ANALYZER_NUMBER_OBJECT_CONVERSION = YES_AGGRESSIVE;
				CLANG_CXX_LANGUAGE_STANDARD = "gnu++14";
				CLANG_CXX_LIBRARY = "libc++";
				CLANG_ENABLE_MODULES = YES;
				CLANG_ENABLE_OBJC_ARC = YES;
				CLANG_ENABLE_OBJC_WEAK = YES;
				CLANG_WARN_BLOCK_CAPTURE_AUTORELEASING = YES;
				CLANG_WARN_BOOL_CONVERSION = YES;
				CLANG_WARN_COMMA = YES;
				CLANG_WARN_CONSTANT_CONVERSION = YES;
				CLANG_WARN_DEPRECATED_OBJC_IMPLEMENTATIONS = YES;
				CLANG_WARN_DIRECT_OBJC_ISA_USAGE = YES_ERROR;
				CLANG_WARN_DOCUMENTATION_COMMENTS = YES;
				CLANG_WARN_EMPTY_BODY = YES;
				CLANG_WARN_ENUM_CONVERSION = YES;
				CLANG_WARN_INFINITE_RECURSION = YES;
				CLANG_WARN_INT_CONVERSION = YES;
				CLANG_WARN_NON_LITERAL_NULL_CONVERSION = YES;
				CLANG_WARN_OBJC_IMPLICIT_RETAIN_SELF = YES;
				CLANG_WARN_OBJC_LITERAL_CONVERSION = YES;
				CLANG_WARN_OBJC_ROOT_CLASS = YES_ERROR;
				CLANG_WARN_QUOTED_INCLUDE_IN_FRAMEWORK_HEADER = YES;
				CLANG_WARN_RANGE_LOOP_ANALYSIS = YES;
				CLANG_WARN_STRICT_PROTOTYPES = YES;
				CLANG_WARN_SUSPICIOUS_MOVE = YES;
				CLANG_WARN_UNGUARDED_AVAILABILITY = YES_AGGRESSIVE;
				CLANG_WARN_UNREACHABLE_CODE = YES;
				CLANG_WARN__DUPLICATE_METHOD_MATCH = YES;
				COPY_PHASE_STRIP = NO;
				DEBUG_INFORMATION_FORMAT = "dwarf-with-dsym";
				ENABLE_NS_ASSERTIONS = NO;
				ENABLE_STRICT_OBJC_MSGSEND = YES;
				GCC_C_LANGUAGE_STANDARD = gnu11;
				GCC_NO_COMMON_BLOCKS = YES;
				GCC_WARN_64_TO_32_BIT_CONVERSION = YES;
				GCC_WARN_ABOUT_RETURN_TYPE = YES_ERROR;
				GCC_WARN_UNDECLARED_SELECTOR = YES;
				GCC_WARN_UNINITIALIZED_AUTOS = YES_AGGRESSIVE;
				GCC_WARN_UNUSED_FUNCTION = YES;
				GCC_WARN_UNUSED_VARIABLE = YES;
				IPHONEOS_DEPLOYMENT_TARGET = 14.4;
				MTL_ENABLE_DEBUG_INFO = NO;
				MTL_FAST_MATH = YES;
				SDKROOT = iphoneos;
				SWIFT_COMPILATION_MODE = wholemodule;
				SWIFT_OPTIMIZATION_LEVEL = "-O";
				VALIDATE_PRODUCT = YES;
			};
			name = Release;
		};
		EDCCE9E82636534D00B51E40 /* Debug */ = {
			isa = XCBuildConfiguration;
			buildSettings = {
				ASSETCATALOG_COMPILER_APPICON_NAME = AppIcon;
				ASSETCATALOG_COMPILER_GLOBAL_ACCENT_COLOR_NAME = AccentColor;
				CODE_SIGN_STYLE = Automatic;
				DEVELOPMENT_ASSET_PATHS = "\"SwiftUI_TabView_tutorial/Preview Content\"";
				ENABLE_PREVIEWS = YES;
				INFOPLIST_FILE = SwiftUI_TabView_tutorial/Info.plist;
				LD_RUNPATH_SEARCH_PATHS = (
					"$(inherited)",
					"@executable_path/Frameworks",
				);
				PRODUCT_BUNDLE_IDENTIFIER = "com.tiekle.SwiftUI-TabView-tutorial";
				PRODUCT_NAME = "$(TARGET_NAME)";
				SWIFT_VERSION = 5.0;
				TARGETED_DEVICE_FAMILY = "1,2";
			};
			name = Debug;
		};
		EDCCE9E92636534D00B51E40 /* Release */ = {
			isa = XCBuildConfiguration;
			buildSettings = {
				ASSETCATALOG_COMPILER_APPICON_NAME = AppIcon;
				ASSETCATALOG_COMPILER_GLOBAL_ACCENT_COLOR_NAME = AccentColor;
				CODE_SIGN_STYLE = Automatic;
				DEVELOPMENT_ASSET_PATHS = "\"SwiftUI_TabView_tutorial/Preview Content\"";
				ENABLE_PREVIEWS = YES;
				INFOPLIST_FILE = SwiftUI_TabView_tutorial/Info.plist;
				LD_RUNPATH_SEARCH_PATHS = (
					"$(inherited)",
					"@executable_path/Frameworks",
				);
				PRODUCT_BUNDLE_IDENTIFIER = "com.tiekle.SwiftUI-TabView-tutorial";
				PRODUCT_NAME = "$(TARGET_NAME)";
				SWIFT_VERSION = 5.0;
				TARGETED_DEVICE_FAMILY = "1,2";
			};
			name = Release;
		};
/* End XCBuildConfiguration section */

/* Begin XCConfigurationList section */
		EDCCE9CE2636534C00B51E40 /* Build configuration list for PBXProject "SwiftUI_TabView_tutorial" */ = {
			isa = XCConfigurationList;
			buildConfigurations = (
				EDCCE9E52636534D00B51E40 /* Debug */,
				EDCCE9E62636534D00B51E40 /* Release */,
			);
			defaultConfigurationIsVisible = 0;
			defaultConfigurationName = Release;
		};
		EDCCE9E72636534D00B51E40 /* Build configuration list for PBXNativeTarget "SwiftUI_TabView_tutorial" */ = {
			isa = XCConfigurationList;
			buildConfigurations = (
				EDCCE9E82636534D00B51E40 /* Debug */,
				EDCCE9E92636534D00B51E40 /* Release */,
			);
			defaultConfigurationIsVisible = 0;
			defaultConfigurationName = Release;
		};
/* End XCConfigurationList section */
	};
	rootObject = EDCCE9CB2636534C00B51E40 /* Project object */;
}
