// !$*UTF8*$!
{
	archiveVersion = 1;
	classes = {
	};
	objectVersion = 50;
	objects = {

/* Begin PBXBuildFile section */
		EDBC24A5263FEF4800A733D1 /* SwiftUI_lazyVGrid_tutorialApp.swift in Sources */ = {isa = PBXBuildFile; fileRef = EDBC24A4263FEF4800A733D1 /* SwiftUI_lazyVGrid_tutorialApp.swift */; };
		EDBC24A7263FEF4800A733D1 /* ContentView.swift in Sources */ = {isa = PBXBuildFile; fileRef = EDBC24A6263FEF4800A733D1 /* ContentView.swift */; };
		EDBC24A9263FEF4A00A733D1 /* Assets.xcassets in Resources */ = {isa = PBXBuildFile; fileRef = EDBC24A8263FEF4A00A733D1 /* Assets.xcassets */; };
		EDBC24AC263FEF4A00A733D1 /* Preview Assets.xcassets in Resources */ = {isa = PBXBuildFile; fileRef = EDBC24AB263FEF4A00A733D1 /* Preview Assets.xcassets */; };
		EDBC24B4263FF4E300A733D1 /* Example_ContentView.swift in Sources */ = {isa = PBXBuildFile; fileRef = EDBC24B3263FF4E300A733D1 /* Example_ContentView.swift */; };
		EDBC24B6263FFA1D00A733D1 /* ListView.swift in Sources */ = {isa = PBXBuildFile; fileRef = EDBC24B5263FFA1D00A733D1 /* ListView.swift */; };
		EDBC24B8264043EA00A733D1 /* VGridView.swift in Sources */ = {isa = PBXBuildFile; fileRef = EDBC24B7264043EA00A733D1 /* VGridView.swift */; };
		EDBC24BA26404B0700A733D1 /* VGrid3View.swift in Sources */ = {isa = PBXBuildFile; fileRef = EDBC24B926404B0700A733D1 /* VGrid3View.swift */; };
/* End PBXBuildFile section */

/* Begin PBXFileReference section */
		EDBC24A1263FEF4800A733D1 /* SwiftUI_lazyVGrid_tutorial.app */ = {isa = PBXFileReference; explicitFileType = wrapper.application; includeInIndex = 0; path = SwiftUI_lazyVGrid_tutorial.app; sourceTree = BUILT_PRODUCTS_DIR; };
		EDBC24A4263FEF4800A733D1 /* SwiftUI_lazyVGrid_tutorialApp.swift */ = {isa = PBXFileReference; lastKnownFileType = sourcecode.swift; path = SwiftUI_lazyVGrid_tutorialApp.swift; sourceTree = "<group>"; };
		EDBC24A6263FEF4800A733D1 /* ContentView.swift */ = {isa = PBXFileReference; lastKnownFileType = sourcecode.swift; path = ContentView.swift; sourceTree = "<group>"; };
		EDBC24A8263FEF4A00A733D1 /* Assets.xcassets */ = {isa = PBXFileReference; lastKnownFileType = folder.assetcatalog; path = Assets.xcassets; sourceTree = "<group>"; };
		EDBC24AB263FEF4A00A733D1 /* Preview Assets.xcassets */ = {isa = PBXFileReference; lastKnownFileType = folder.assetcatalog; path = "Preview Assets.xcassets"; sourceTree = "<group>"; };
		EDBC24AD263FEF4A00A733D1 /* Info.plist */ = {isa = PBXFileReference; lastKnownFileType = text.plist.xml; path = Info.plist; sourceTree = "<group>"; };
		EDBC24B3263FF4E300A733D1 /* Example_ContentView.swift */ = {isa = PBXFileReference; lastKnownFileType = sourcecode.swift; path = Example_ContentView.swift; sourceTree = "<group>"; };
		EDBC24B5263FFA1D00A733D1 /* ListView.swift */ = {isa = PBXFileReference; lastKnownFileType = sourcecode.swift; path = ListView.swift; sourceTree = "<group>"; };
		EDBC24B7264043EA00A733D1 /* VGridView.swift */ = {isa = PBXFileReference; lastKnownFileType = sourcecode.swift; path = VGridView.swift; sourceTree = "<group>"; };
		EDBC24B926404B0700A733D1 /* VGrid3View.swift */ = {isa = PBXFileReference; lastKnownFileType = sourcecode.swift; path = VGrid3View.swift; sourceTree = "<group>"; };
/* End PBXFileReference section */

/* Begin PBXFrameworksBuildPhase section */
		EDBC249E263FEF4800A733D1 /* Frameworks */ = {
			isa = PBXFrameworksBuildPhase;
			buildActionMask = 2147483647;
			files = (
			);
			runOnlyForDeploymentPostprocessing = 0;
		};
/* End PBXFrameworksBuildPhase section */

/* Begin PBXGroup section */
		EDBC2498263FEF4800A733D1 = {
			isa = PBXGroup;
			children = (
				EDBC24A3263FEF4800A733D1 /* SwiftUI_lazyVGrid_tutorial */,
				EDBC24A2263FEF4800A733D1 /* Products */,
			);
			sourceTree = "<group>";
		};
		EDBC24A2263FEF4800A733D1 /* Products */ = {
			isa = PBXGroup;
			children = (
				EDBC24A1263FEF4800A733D1 /* SwiftUI_lazyVGrid_tutorial.app */,
			);
			name = Products;
			sourceTree = "<group>";
		};
		EDBC24A3263FEF4800A733D1 /* SwiftUI_lazyVGrid_tutorial */ = {
			isa = PBXGroup;
			children = (
				EDBC24A4263FEF4800A733D1 /* SwiftUI_lazyVGrid_tutorialApp.swift */,
				EDBC24A6263FEF4800A733D1 /* ContentView.swift */,
				EDBC24A8263FEF4A00A733D1 /* Assets.xcassets */,
				EDBC24AD263FEF4A00A733D1 /* Info.plist */,
				EDBC24AA263FEF4A00A733D1 /* Preview Content */,
				EDBC24B3263FF4E300A733D1 /* Example_ContentView.swift */,
				EDBC24B5263FFA1D00A733D1 /* ListView.swift */,
				EDBC24B7264043EA00A733D1 /* VGridView.swift */,
				EDBC24B926404B0700A733D1 /* VGrid3View.swift */,
			);
			path = SwiftUI_lazyVGrid_tutorial;
			sourceTree = "<group>";
		};
		EDBC24AA263FEF4A00A733D1 /* Preview Content */ = {
			isa = PBXGroup;
			children = (
				EDBC24AB263FEF4A00A733D1 /* Preview Assets.xcassets */,
			);
			path = "Preview Content";
			sourceTree = "<group>";
		};
/* End PBXGroup section */

/* Begin PBXNativeTarget section */
		EDBC24A0263FEF4800A733D1 /* SwiftUI_lazyVGrid_tutorial */ = {
			isa = PBXNativeTarget;
			buildConfigurationList = EDBC24B0263FEF4A00A733D1 /* Build configuration list for PBXNativeTarget "SwiftUI_lazyVGrid_tutorial" */;
			buildPhases = (
				EDBC249D263FEF4800A733D1 /* Sources */,
				EDBC249E263FEF4800A733D1 /* Frameworks */,
				EDBC249F263FEF4800A733D1 /* Resources */,
			);
			buildRules = (
			);
			dependencies = (
			);
			name = SwiftUI_lazyVGrid_tutorial;
			productName = SwiftUI_lazyVGrid_tutorial;
			productReference = EDBC24A1263FEF4800A733D1 /* SwiftUI_lazyVGrid_tutorial.app */;
			productType = "com.apple.product-type.application";
		};
/* End PBXNativeTarget section */

/* Begin PBXProject section */
		EDBC2499263FEF4800A733D1 /* Project object */ = {
			isa = PBXProject;
			attributes = {
				LastSwiftUpdateCheck = 1250;
				LastUpgradeCheck = 1250;
				TargetAttributes = {
					EDBC24A0263FEF4800A733D1 = {
						CreatedOnToolsVersion = 12.5;
					};
				};
			};
			buildConfigurationList = EDBC249C263FEF4800A733D1 /* Build configuration list for PBXProject "SwiftUI_lazyVGrid_tutorial" */;
			compatibilityVersion = "Xcode 9.3";
			developmentRegion = en;
			hasScannedForEncodings = 0;
			knownRegions = (
				en,
				Base,
			);
			mainGroup = EDBC2498263FEF4800A733D1;
			productRefGroup = EDBC24A2263FEF4800A733D1 /* Products */;
			projectDirPath = "";
			projectRoot = "";
			targets = (
				EDBC24A0263FEF4800A733D1 /* SwiftUI_lazyVGrid_tutorial */,
			);
		};
/* End PBXProject section */

/* Begin PBXResourcesBuildPhase section */
		EDBC249F263FEF4800A733D1 /* Resources */ = {
			isa = PBXResourcesBuildPhase;
			buildActionMask = 2147483647;
			files = (
				EDBC24AC263FEF4A00A733D1 /* Preview Assets.xcassets in Resources */,
				EDBC24A9263FEF4A00A733D1 /* Assets.xcassets in Resources */,
			);
			runOnlyForDeploymentPostprocessing = 0;
		};
/* End PBXResourcesBuildPhase section */

/* Begin PBXSourcesBuildPhase section */
		EDBC249D263FEF4800A733D1 /* Sources */ = {
			isa = PBXSourcesBuildPhase;
			buildActionMask = 2147483647;
			files = (
				EDBC24B6263FFA1D00A733D1 /* ListView.swift in Sources */,
				EDBC24A7263FEF4800A733D1 /* ContentView.swift in Sources */,
				EDBC24A5263FEF4800A733D1 /* SwiftUI_lazyVGrid_tutorialApp.swift in Sources */,
				EDBC24B4263FF4E300A733D1 /* Example_ContentView.swift in Sources */,
				EDBC24B8264043EA00A733D1 /* VGridView.swift in Sources */,
				EDBC24BA26404B0700A733D1 /* VGrid3View.swift in Sources */,
			);
			runOnlyForDeploymentPostprocessing = 0;
		};
/* End PBXSourcesBuildPhase section */

/* Begin XCBuildConfiguration section */
		EDBC24AE263FEF4A00A733D1 /* Debug */ = {
			isa = XCBuildConfiguration;
			buildSettings = {
				ALWAYS_SEARCH_USER_PATHS = NO;
				CLANG_ANALYZER_NONNULL = YES;
				CLANG_ANALYZER_NUMBER_OBJECT_CONVERSION = YES_AGGRESSIVE;
				CLANG_CXX_LANGUAGE_STANDARD = "gnu++14";
				CLANG_CXX_LIBRARY = "libc++";
				CLANG_ENABLE_MODULES = YES;
				CLANG_ENABLE_OBJC_ARC = YES;
				CLANG_ENABLE_OBJC_WEAK = YES;
				CLANG_WARN_BLOCK_CAPTURE_AUTORELEASING = YES;
				CLANG_WARN_BOOL_CONVERSION = YES;
				CLANG_WARN_COMMA = YES;
				CLANG_WARN_CONSTANT_CONVERSION = YES;
				CLANG_WARN_DEPRECATED_OBJC_IMPLEMENTATIONS = YES;
				CLANG_WARN_DIRECT_OBJC_ISA_USAGE = YES_ERROR;
				CLANG_WARN_DOCUMENTATION_COMMENTS = YES;
				CLANG_WARN_EMPTY_BODY = YES;
				CLANG_WARN_ENUM_CONVERSION = YES;
				CLANG_WARN_INFINITE_RECURSION = YES;
				CLANG_WARN_INT_CONVERSION = YES;
				CLANG_WARN_NON_LITERAL_NULL_CONVERSION = YES;
				CLANG_WARN_OBJC_IMPLICIT_RETAIN_SELF = YES;
				CLANG_WARN_OBJC_LITERAL_CONVERSION = YES;
				CLANG_WARN_OBJC_ROOT_CLASS = YES_ERROR;
				CLANG_WARN_QUOTED_INCLUDE_IN_FRAMEWORK_HEADER = YES;
				CLANG_WARN_RANGE_LOOP_ANALYSIS = YES;
				CLANG_WARN_STRICT_PROTOTYPES = YES;
				CLANG_WARN_SUSPICIOUS_MOVE = YES;
				CLANG_WARN_UNGUARDED_AVAILABILITY = YES_AGGRESSIVE;
				CLANG_WARN_UNREACHABLE_CODE = YES;
				CLANG_WARN__DUPLICATE_METHOD_MATCH = YES;
				COPY_PHASE_STRIP = NO;
				DEBUG_INFORMATION_FORMAT = dwarf;
				ENABLE_STRICT_OBJC_MSGSEND = YES;
				ENABLE_TESTABILITY = YES;
				GCC_C_LANGUAGE_STANDARD = gnu11;
				GCC_DYNAMIC_NO_PIC = NO;
				GCC_NO_COMMON_BLOCKS = YES;
				GCC_OPTIMIZATION_LEVEL = 0;
				GCC_PREPROCESSOR_DEFINITIONS = (
					"DEBUG=1",
					"$(inherited)",
				);
				GCC_WARN_64_TO_32_BIT_CONVERSION = YES;
				GCC_WARN_ABOUT_RETURN_TYPE = YES_ERROR;
				GCC_WARN_UNDECLARED_SELECTOR = YES;
				GCC_WARN_UNINITIALIZED_AUTOS = YES_AGGRESSIVE;
				GCC_WARN_UNUSED_FUNCTION = YES;
				GCC_WARN_UNUSED_VARIABLE = YES;
				IPHONEOS_DEPLOYMENT_TARGET = 14.5;
				MTL_ENABLE_DEBUG_INFO = INCLUDE_SOURCE;
				MTL_FAST_MATH = YES;
				ONLY_ACTIVE_ARCH = YES;
				SDKROOT = iphoneos;
				SWIFT_ACTIVE_COMPILATION_CONDITIONS = DEBUG;
				SWIFT_OPTIMIZATION_LEVEL = "-Onone";
			};
			name = Debug;
		};
		EDBC24AF263FEF4A00A733D1 /* Release */ = {
			isa = XCBuildConfiguration;
			buildSettings = {
				ALWAYS_SEARCH_USER_PATHS = NO;
				CLANG_ANALYZER_NONNULL = YES;
				CLANG_ANALYZER_NUMBER_OBJECT_CONVERSION = YES_AGGRESSIVE;
				CLANG_CXX_LANGUAGE_STANDARD = "gnu++14";
				CLANG_CXX_LIBRARY = "libc++";
				CLANG_ENABLE_MODULES = YES;
				CLANG_ENABLE_OBJC_ARC = YES;
				CLANG_ENABLE_OBJC_WEAK = YES;
				CLANG_WARN_BLOCK_CAPTURE_AUTORELEASING = YES;
				CLANG_WARN_BOOL_CONVERSION = YES;
				CLANG_WARN_COMMA = YES;
				CLANG_WARN_CONSTANT_CONVERSION = YES;
				CLANG_WARN_DEPRECATED_OBJC_IMPLEMENTATIONS = YES;
				CLANG_WARN_DIRECT_OBJC_ISA_USAGE = YES_ERROR;
				CLANG_WARN_DOCUMENTATION_COMMENTS = YES;
				CLANG_WARN_EMPTY_BODY = YES;
				CLANG_WARN_ENUM_CONVERSION = YES;
				CLANG_WARN_INFINITE_RECURSION = YES;
				CLANG_WARN_INT_CONVERSION = YES;
				CLANG_WARN_NON_LITERAL_NULL_CONVERSION = YES;
				CLANG_WARN_OBJC_IMPLICIT_RETAIN_SELF = YES;
				CLANG_WARN_OBJC_LITERAL_CONVERSION = YES;
				CLANG_WARN_OBJC_ROOT_CLASS = YES_ERROR;
				CLANG_WARN_QUOTED_INCLUDE_IN_FRAMEWORK_HEADER = YES;
				CLANG_WARN_RANGE_LOOP_ANALYSIS = YES;
				CLANG_WARN_STRICT_PROTOTYPES = YES;
				CLANG_WARN_SUSPICIOUS_MOVE = YES;
				CLANG_WARN_UNGUARDED_AVAILABILITY = YES_AGGRESSIVE;
				CLANG_WARN_UNREACHABLE_CODE = YES;
				CLANG_WARN__DUPLICATE_METHOD_MATCH = YES;
				COPY_PHASE_STRIP = NO;
				DEBUG_INFORMATION_FORMAT = "dwarf-with-dsym";
				ENABLE_NS_ASSERTIONS = NO;
				ENABLE_STRICT_OBJC_MSGSEND = YES;
				GCC_C_LANGUAGE_STANDARD = gnu11;
				GCC_NO_COMMON_BLOCKS = YES;
				GCC_WARN_64_TO_32_BIT_CONVERSION = YES;
				GCC_WARN_ABOUT_RETURN_TYPE = YES_ERROR;
				GCC_WARN_UNDECLARED_SELECTOR = YES;
				GCC_WARN_UNINITIALIZED_AUTOS = YES_AGGRESSIVE;
				GCC_WARN_UNUSED_FUNCTION = YES;
				GCC_WARN_UNUSED_VARIABLE = YES;
				IPHONEOS_DEPLOYMENT_TARGET = 14.5;
				MTL_ENABLE_DEBUG_INFO = NO;
				MTL_FAST_MATH = YES;
				SDKROOT = iphoneos;
				SWIFT_COMPILATION_MODE = wholemodule;
				SWIFT_OPTIMIZATION_LEVEL = "-O";
				VALIDATE_PRODUCT = YES;
			};
			name = Release;
		};
		EDBC24B1263FEF4A00A733D1 /* Debug */ = {
			isa = XCBuildConfiguration;
			buildSettings = {
				ASSETCATALOG_COMPILER_APPICON_NAME = AppIcon;
				ASSETCATALOG_COMPILER_GLOBAL_ACCENT_COLOR_NAME = AccentColor;
				CODE_SIGN_STYLE = Automatic;
				DEVELOPMENT_ASSET_PATHS = "\"SwiftUI_lazyVGrid_tutorial/Preview Content\"";
				ENABLE_PREVIEWS = YES;
				INFOPLIST_FILE = SwiftUI_lazyVGrid_tutorial/Info.plist;
				IPHONEOS_DEPLOYMENT_TARGET = 14.0;
				LD_RUNPATH_SEARCH_PATHS = (
					"$(inherited)",
					"@executable_path/Frameworks",
				);
				PRODUCT_BUNDLE_IDENTIFIER = "com.tiekle.SwiftUI-lazyVGrid-tutorial";
				PRODUCT_NAME = "$(TARGET_NAME)";
				SWIFT_VERSION = 5.0;
				TARGETED_DEVICE_FAMILY = "1,2";
			};
			name = Debug;
		};
		EDBC24B2263FEF4A00A733D1 /* Release */ = {
			isa = XCBuildConfiguration;
			buildSettings = {
				ASSETCATALOG_COMPILER_APPICON_NAME = AppIcon;
				ASSETCATALOG_COMPILER_GLOBAL_ACCENT_COLOR_NAME = AccentColor;
				CODE_SIGN_STYLE = Automatic;
				DEVELOPMENT_ASSET_PATHS = "\"SwiftUI_lazyVGrid_tutorial/Preview Content\"";
				ENABLE_PREVIEWS = YES;
				INFOPLIST_FILE = SwiftUI_lazyVGrid_tutorial/Info.plist;
				IPHONEOS_DEPLOYMENT_TARGET = 14.0;
				LD_RUNPATH_SEARCH_PATHS = (
					"$(inherited)",
					"@executable_path/Frameworks",
				);
				PRODUCT_BUNDLE_IDENTIFIER = "com.tiekle.SwiftUI-lazyVGrid-tutorial";
				PRODUCT_NAME = "$(TARGET_NAME)";
				SWIFT_VERSION = 5.0;
				TARGETED_DEVICE_FAMILY = "1,2";
			};
			name = Release;
		};
/* End XCBuildConfiguration section */

/* Begin XCConfigurationList section */
		EDBC249C263FEF4800A733D1 /* Build configuration list for PBXProject "SwiftUI_lazyVGrid_tutorial" */ = {
			isa = XCConfigurationList;
			buildConfigurations = (
				EDBC24AE263FEF4A00A733D1 /* Debug */,
				EDBC24AF263FEF4A00A733D1 /* Release */,
			);
			defaultConfigurationIsVisible = 0;
			defaultConfigurationName = Release;
		};
		EDBC24B0263FEF4A00A733D1 /* Build configuration list for PBXNativeTarget "SwiftUI_lazyVGrid_tutorial" */ = {
			isa = XCConfigurationList;
			buildConfigurations = (
				EDBC24B1263FEF4A00A733D1 /* Debug */,
				EDBC24B2263FEF4A00A733D1 /* Release */,
			);
			defaultConfigurationIsVisible = 0;
			defaultConfigurationName = Release;
		};
/* End XCConfigurationList section */
	};
	rootObject = EDBC2499263FEF4800A733D1 /* Project object */;
}
